# This file was autogenerated by Stack.
# You should not edit this file by hand.
# For more information, please see the documentation at:
#   https://docs.haskellstack.org/en/stable/topics/lock_files

packages:
- completed:
    hackage: keid-core-0.1.11.0@sha256:baf4d0a6003774a6e48e6b1da1848036f1dd65eaab50c96f1b554718047948ba,3981
    pantry-tree:
      sha256: d2abca581518d3dab2e50c0846b0786cf78b95ad4c616981501759530042f59e
      size: 4933
  original:
    hackage: keid-core-0.1.11.0
- completed:
    hackage: keid-frp-banana-0.1.2.1@sha256:8a7c4a689a570961183762b94992d7a3468b91635a027ec19c87f11964a679e6,1843
    pantry-tree:
      sha256: 3f6f1b0c5ab2ef746e05e340e4d47517d889484a4d8f7388f22a7dbecb07a0d7
      size: 783
  original:
    hackage: keid-frp-banana-0.1.2.1
- completed:
    hackage: keid-geometry-0.1.2.0@sha256:16a12b233f19f48242e0c90c4f6644d3c892c5b409e27e1ef7752730ea080fc7,1784
    pantry-tree:
      sha256: 1d3b09137cbad472a6d7826c8fc52ac76f956fba7b62f24ef95380edac080dd9
      size: 950
  original:
    hackage: keid-geometry-0.1.2.0
- completed:
    hackage: keid-render-basic-0.1.10.0@sha256:f12ffd84d88664b988c7b028992f06c94c6f55c6478eebd63cd6493150b153c0,3939
    pantry-tree:
      sha256: 6b0c5d48ecff7fa28ad7458c87702432e57b96a65843fcbcd6f5fc21ddf8835d
      size: 5073
  original:
    hackage: keid-render-basic-0.1.10.0
- completed:
    hackage: keid-resource-gltf-0.1.1.0@sha256:d9395352fa87f6785976ec2aebbc415da43bfa63b31451553db0caa8dc422f07,1657
    pantry-tree:
      sha256: 3e25186515b28659621ca8ca20dc3ba386cd7972bb13609a9d94d803e5f5da7f
      size: 463
  original:
    hackage: keid-resource-gltf-0.1.1.0
- completed:
    hackage: keid-sound-openal-0.2.0.0@sha256:1abf47f1abfb6e7231df898f2140ba5900a2463a4dfa5f99a1489f0e94b07607,2339
    pantry-tree:
      sha256: 256e7cdc35b3351753c0c8fe5404595ccf512327d59b1dce155593e460d43d38
      size: 455
  original:
    hackage: keid-sound-openal-0.2.0.0
- completed:
    hackage: keid-ui-dearimgui-0.1.3.2@sha256:29130b00bfc83101553a4cae93b942d55f4546424d8c2d53bd4e827864ce06bf,1848
    pantry-tree:
      sha256: 86c74085a867b398e646f248742d386a34440e3271d7988a1ea79e131a4eb7f8
      size: 387
  original:
    hackage: keid-ui-dearimgui-0.1.3.2
- completed:
    hackage: vulkan-3.26.4@sha256:60723619151ed887af07017c712bf9923e5475796b07e1aee8e9c909f4a3aa1a,34156
    pantry-tree:
      sha256: d88124b804534526aeb8da55d77d7161e751408815407ed9e3c16db1a5bb134c
      size: 94192
  original:
    hackage: vulkan-3.26.4
- completed:
    hackage: VulkanMemoryAllocator-0.11.0.1@sha256:8c3cbf3679dacbcf364a0775377e50599690ff2c25063e1d64a6be7135b72740,3465
    pantry-tree:
      sha256: f2ac833380a037d44c508b4a3e70c295bbc494534976c49076fa7123776e3b3b
      size: 528
  original:
    hackage: VulkanMemoryAllocator-0.11.0.1
- completed:
    hackage: vulkan-utils-0.5.10.6@sha256:8ee8450d48f7ed4ba6baed20d33f28daae1a14a4f77e610f9dd4875a6b290576,3968
    pantry-tree:
      sha256: 1c76f0d0cbe43030ec01b71bb52af63a7afba79c8e2863997c71d97013d32107
      size: 2226
  original:
    hackage: vulkan-utils-0.5.10.6
- completed:
    hackage: spirv-reflect-ffi-0.3@sha256:0ac7d490c7322740ef519fc18d0b993ad12cf7aeadc229406c852e2cb4066eba,2196
    pantry-tree:
      sha256: 8eef1bf680f7574ef6f056f8871c98def34be9b4913fe1d8836222a02f0b3ff7
      size: 577
  original:
    hackage: spirv-reflect-ffi-0.3
- completed:
    hackage: spirv-reflect-types-0.3@sha256:4ac2d5915e385dbd195ba401ff11f1204b3c12e796b46518ab3fa0634e2c625e,1949
    pantry-tree:
      sha256: 4b6a2a536a8dbc73255e89fc739cf11efd13fda072bac901ac01d3178763314f
      size: 1790
  original:
    hackage: spirv-reflect-types-0.3
- completed:
    hackage: spirv-reflect-yaml-0.3@sha256:d9330f2d16ae672cc918c581f2f47d823e5e5b627064c406c7d2adc349c7f48f,1997
    pantry-tree:
      sha256: 3643898114e1e93d415e43bafaa5f3d916d78c13e05aef6361f443a18b16544f
      size: 372
  original:
    hackage: spirv-reflect-yaml-0.3
- completed:
    hackage: spirv-enum-0.1.0.0@sha256:c7de977a43fa518990ff859a7c469ed7664c12a1aa8b0c247a6fe64c35008cfc,2696
    pantry-tree:
      sha256: 723bce9f799ae902274cca58e5e782f68b2d752e6057803d8f86eb1214000f91
      size: 4114
  original:
    hackage: spirv-enum-0.1.0.0
- completed:
    hackage: opus-0.3.0.0@sha256:12906f21f0d26eb88bf6c4b1781f17821fcfb3583f1b0b921e2acccdc2e48fd4,3223
    pantry-tree:
      sha256: 692eae814447eebe63bb65f01b57a02da4db686a647d3d157a623d251409b444
      size: 944
  original:
    hackage: opus-0.3.0.0
- completed:
    hackage: opusfile-0.1.0.1@sha256:af399433b8f8d4aa98b598219c09966d37401437edc69dc2e67e72697f2fde41,1723
    pantry-tree:
      sha256: bce3a013a00fbdcd97ad8c35a5454b1f8fc0918d9a4a72200929bf37281e77aa
      size: 387
  original:
    hackage: opusfile-0.1.0.1
- completed:
    hackage: openal-ffi-0.0.1@sha256:b8af0f6baf4c1fddec6ce84d0dd90f011a6a0999697a0890ad3412a3eb986658,1204
    pantry-tree:
      sha256: 2fff0e7b0a9f1d669a4c32d74c530948db646136f6021b890cf3d72e6679447c
      size: 511
  original:
    hackage: openal-ffi-0.0.1
- completed:
    hackage: al-0.1.4.2@sha256:34a474fa8410c1411938e8719f0d78c0201c049a2255264445dc2d1493126a56,3312
    pantry-tree:
      sha256: 85a4593015350c8b44376e53172f74895c230d2fd6c558d5896e68c35cbc4a95
      size: 1338
  original:
    hackage: al-0.1.4.2
- completed:
    hackage: derive-storable-0.3.1.0@sha256:bd1c51c155a00e2be18325d553d6764dd678904a85647d6ba952af998e70aa59,2313
    pantry-tree:
      sha256: 48e35a72d1bb593173890616c8d7efd636a650a306a50bb3e1513e679939d27e
      size: 902
  original:
    hackage: derive-storable-0.3.1.0
- completed:
    hackage: derive-storable-plugin-0.2.3.7@sha256:f82b5cc67d7affbb41040d3a5812e6a587894e232e7a5d5ccb33103836e51fa6,2868
    pantry-tree:
      sha256: b11fd39df181394cc3cb37d4cc43149ef776ab2c079413c84ad59f3904ff557f
      size: 1411
  original:
    hackage: derive-storable-plugin-0.2.3.7
- completed:
    hackage: aeson-tiled-0.0.2.3@sha256:9ea5a091938ad122b61ecb7e3cbc31a290dda1a9d46d0575d5d240e483d4d410,2739
    pantry-tree:
      sha256: edc894a8020936c43d0cbd4c7a83e9a7fbf6a4f9dcf1a77299d7932273fe3065
      size: 2614
  original:
    hackage: aeson-tiled-0.0.2.3
- completed:
    hackage: dear-imgui-2.4.1@sha256:eb4fc496ee52ac7a3e059e73fb7216de870228201afa4f6e1869d6d2cbaf5afe,9714
    pantry-tree:
      sha256: 6ef55339ef6edaa99276c06ade1f2aba96768d610f9d401f59844ca07e241516
      size: 5882
  original:
    hackage: dear-imgui-2.4.1
- completed:
    hackage: geomancy-0.3.0.0@sha256:237493387b0ac7036e0611df9074738985e5c1fed0dc2097bfb54f017f5c2e03,2367
    pantry-tree:
      sha256: 7eaef1baff72267c423aad95e9463523b51920d7c392c4aa654457d1229333ce
      size: 1952
  original:
    hackage: geomancy-0.3.0.0
- completed:
    hackage: ptrdiff-0@sha256:0aef162233f5dcf64bd6993e4df4769c31df693e0002c797fb06998df2fae10e,843
    pantry-tree:
      sha256: 44b24db00ca60d3c64c36720dbbb41ae212c4e587c51ad077395a788e63ff1f9
      size: 272
  original:
    hackage: ptrdiff-0
- completed:
    hackage: gl-block-1.0@sha256:4b098e98a8c8b566cb583c6c105eeafe6be80f7f4a0f687f4d8781841acce8e4,1762
    pantry-tree:
      sha256: 61ba9f777adda84168a9cf888b474438d81ca877fdabb4a2473b047ac6719085
      size: 546
  original:
    hackage: gl-block-1.0
- completed:
    hackage: geomancy-layout-0.1.1@sha256:6f8c97b894bae40a04f337bfdb70631c7d7bdf59eae29b58b27324aeb1eeaace,1912
    pantry-tree:
      sha256: fdf047a5ecf296e807501d1531477c152ff04d7a765abd97506693de9323ed46
      size: 641
  original:
    hackage: geomancy-layout-0.1.1
- completed:
    hackage: gltf-codec-0.1.0.5@sha256:685df774608724fd46f359a4e24a4071e01a9b901b41b4f9e6e2daddd20c9af2,2563
    pantry-tree:
      sha256: 2169b1d427fb102c8c1c87150d94b2a785318fd9b2065dae30b493769c5f0552
      size: 1619
  original:
    hackage: gltf-codec-0.1.0.5
- completed:
    hackage: ktx-codec-0.0.2.1@sha256:a1a41a9ce4f13e3da735ea302bf50deb75706632cb3da282c4431d7d75685436,2822
    pantry-tree:
      sha256: 85ec9608c482e9286fe097b3815d30665b6f689f9a313c23b8e2709282dd4a86
      size: 779
  original:
    hackage: ktx-codec-0.0.2.1
- completed:
    hackage: reactive-banana-1.3.2.0@sha256:81fba9c7dd41029d54c4b41d31d71e997355da8868d12bc8f7fd5384b9f45dce,6003
    pantry-tree:
      sha256: 7c4ebc14cc7d748ab5c4e36facd307be83e425d7e2cb0111d69cd6530edb90fe
      size: 3181
  original:
    hackage: reactive-banana-1.3.2.0
- completed:
    hackage: rio-0.1.24.0@sha256:c8f45307e917cb5e8c88a42726c407af8fb900033c15d1feefad54be80859be4,3690
    pantry-tree:
      sha256: 0d588cfcd2761ccd21477433781c042ce7c7c70765990e8bfe87cedc9e8d96a3
      size: 4802
  original:
    hackage: rio-0.1.24.0
- completed:
    hackage: rio-app-0.1.0.0@sha256:cbd2ab92727833a9742e5b92d1be8844bb7a2e404b8ec8084ffef825faed9003,1095
    pantry-tree:
      sha256: aad06941846ec70a974f67984b3fa9a219f5f60aa632a06272ed3f951dad75ad
      size: 361
  original:
    hackage: rio-app-0.1.0.0
- completed:
    hackage: JuicyPixels-jpeg-turbo-0.1.0.0@sha256:098b5d818fa59250f1d394e3cb1f5ac0c0b3e62b4f15ccdc31759c5e7530d9e1,2387
    pantry-tree:
      sha256: 3000529617763fd00f481cc75d306130bc9497f7ea68b2d9e3e9de353ee5f8a9
      size: 394
  original:
    hackage: JuicyPixels-jpeg-turbo-0.1.0.0
- completed:
    hackage: jpeg-turbo-0.1.0.0@sha256:a0575ddcd4f4308812a2982f7565cba7161a339e532b7c0e2651181984f562d6,3036
    pantry-tree:
      sha256: 0283072f9c824d02e3c7e20905eacc68b7527e916c1ead2e598797b0d111d11a
      size: 372
  original:
    hackage: jpeg-turbo-0.1.0.0
- completed:
    hackage: PortMidi-simple-0.1.0.1@sha256:675c2f3148687d2fd34f6507281439cc5a0394c6cf067f63469e0d244d99cd58,1273
    pantry-tree:
      sha256: c25feef7b20de78c94f083bd7832a553bae70f9748994c9033d70e4900e23ed5
      size: 447
  original:
    hackage: PortMidi-simple-0.1.0.1
- completed:
    hackage: alsa-seq-0.6.0.10@sha256:1dd356885e1c53dd4475c384c596d22728c91f60e4c763e7e8915b0564fd5f9d,6088
    pantry-tree:
      sha256: 5f7068b67638a0d5da3b74831d239ef5f6ed282a7f8e1badeb955888acbdb184
      size: 4173
  original:
    hackage: alsa-seq-0.6.0.10
- completed:
    hackage: orbits-0.4.0.1@sha256:a71389902543e5af1e510d2bf7782a2e39e9b0a22f376246e1ba3b98c6e835e2,2815
    pantry-tree:
      sha256: 7b45525cf44cb67ccca8fa17d87527ca5e2508948fbaf2c4777445707589717d
      size: 1435
  original:
    hackage: orbits-0.4.0.1
- completed:
    hackage: exact-real-0.12.5.1@sha256:258e91c9f0725496b13dff8d8984b3ddf9a6040892e2687779aae8d3cf90e7c8,2427
    pantry-tree:
      sha256: de8d882012188a0a52df2139d6187318f008620b4d7e7d9f82eb2565476a346f
      size: 1598
  original:
    hackage: exact-real-0.12.5.1
- completed:
    hackage: units-2.4.1.5@sha256:64eda6c4e5b9728e7d34a171ad2fb587be8aacdb5ecc68009db03fef946a2e2c,3843
    pantry-tree:
      sha256: 3ac028c575003e0bddc1b370bedd0a4a75019e18dffb5562d06f0dc215d55cef
      size: 1472
  original:
    hackage: units-2.4.1.5
- completed:
    hackage: units-defs-2.2.1@sha256:5b28a11b563cb29e1a9f7225df856225f6fde3d25f0a64dfaa7d11aeef264912,2180
    pantry-tree:
      sha256: a08f3f05e8ecb909683c2a5512cd996f0e34d1f684ec37dea41b2bad501b451b
      size: 2287
  original:
    hackage: units-defs-2.2.1
- completed:
    hackage: units-parser-0.1.1.5@sha256:90ca30c6bdbf85dc4073822971f040c2ea032696ed76136e92ff70863efe2737,1703
    pantry-tree:
      sha256: b932647c5670c9ec13441edc932f1187d87227c7418d279b7cfcd1a76e8eb88f
      size: 324
  original:
    hackage: units-parser-0.1.1.5
- completed:
    hackage: apecs-stm-0.1.5@sha256:2bb62c24321060f9d264d3701da36bce620665002c5d6cc54da0af6434e63007,1139
    pantry-tree:
      sha256: 91ab543e7e47f18d48a9172612bece4456d21911199112533b784d0310f8d95f
      size: 374
  original:
    hackage: apecs-stm-0.1.5
- completed:
    hackage: apecs-0.9.6@sha256:983fe81336e2a3229c55de174f43c32d6b74a17f7fee6fbe2554bebffcd2d332,2164
    pantry-tree:
      sha256: 5ca68b6b11444a33dbd19b6419f4869f988b8441673d08e6e7a1a1a9470209a3
      size: 1202
  original:
    hackage: apecs-0.9.6
- completed:
    hackage: stm-containers-1.2.1.1@sha256:ad0d5e6d64b30aa27e0d5c14d304f15dc61cc414b771e30842e118c2b0a4bad5,3494
    pantry-tree:
      sha256: 415f7a021a63e92dbf31d504b1d47e63fe1e35d054b6df9e960c1496dd64f7ef
      size: 706
  original:
    hackage: stm-containers-1.2.1.1
- completed:
    hackage: stm-hamt-1.2.1.1@sha256:f16eca57333cf4f8cd52a6980047e62adb82c1f64a7b330bea0367253a1e4a16,2758
    pantry-tree:
      sha256: 6af8cc0d5d8e3e802c895f9c23c7c5ec7e8c59e0812e6c7d51ec3c649eca7d71
      size: 963
  original:
    hackage: stm-hamt-1.2.1.1
- completed:
    hackage: shower-0.2.0.4@sha256:8eb5b6d184aea63ba629d8c058abae3aeb0f3a4060ae0b2c22a9becec4df4547,1372
    pantry-tree:
      sha256: ec504994f3636b5e833ef175d3a8df0e37057835302470be0329400d1b455323
      size: 2093
  original:
    hackage: shower-0.2.0.4
- completed:
    hackage: webcolor-labels-0.1.0.0@sha256:ad776868b81d2908e69b0e4620c307b3b847ea959d46e96b11e04d51efeb2124,1995
    pantry-tree:
      sha256: 7391909f76da1f851c6b90d3637dfa4ea10cd5ac691722e15497d925749b15f1
      size: 332
  original:
    hackage: webcolor-labels-0.1.0.0
- completed:
    hackage: tracy-profiler-0.1.2.1@sha256:b38130bb031d81f40e724ac0f5b125e8e9bba167ce4e6e312e2f7eb5a1851570,3850
    pantry-tree:
      sha256: 09dac54a9b45e815cfea6b7bcd40d581c4dd573e9bcbf8a1ea1a4758fb4d4e10
      size: 649
  original:
    hackage: tracy-profiler-0.1.2.1
snapshots:
- completed:
    sha256: 4cff850869b465eb2154838ee7d129bb343e39531df944cad40f6071ee77de81
    size: 1584
    url: https://gitlab.com/keid/meta/-/raw/main/resolvers/keid-engine-2025-11-10.yaml
  original:
    url: https://gitlab.com/keid/meta/-/raw/main/resolvers/keid-engine-2025-11-10.yaml
- completed:
    sha256: 4cb7085bcc4e7d0b58a523df16a25201800a076f643445ec4f8bb78a94be652f
    size: 726109
    url: https://raw.githubusercontent.com/commercialhaskell/stackage-snapshots/master/lts/24/18.yaml
  original: lts-24.18
